
Microsoft Visual Studio Solution File, Format Version 12.00
# Visual Studio 14
VisualStudioVersion = 14.0.24720.0
MinimumVisualStudioVersion = 10.0.40219.1
Project("{FAE04EC0-301F-11D3-BF4B-00C04F79EFBC}") = "UwpHelpers.Controls", "UwpHelpers.Controls\UwpHelpers.Controls.csproj", "{C8B8E600-6754-4F63-948E-314003886F91}"
EndProject
Project("{FAE04EC0-301F-11D3-BF4B-00C04F79EFBC}") = "UwpHelpers.Examples", "UwpHelpers.Examples\UwpHelpers.Examples.csproj", "{909DB4FC-F8BB-4F68-B1AA-F7B5715D47A5}"
EndProject
Project("{FAE04EC0-301F-11D3-BF4B-00C04F79EFBC}") = "UwpHelpers.TelerikUwp", "UwpHelpers.TelerikUwp\UwpHelpers.TelerikUwp.csproj", "{29F56637-45CF-4F0E-9F46-F0ACFC5912FB}"
EndProject
Global
	GlobalSection(SolutionConfigurationPlatforms) = preSolution
		Debug|ARM = Debug|ARM
		Debug|x64 = Debug|x64
		Debug|x86 = Debug|x86
		Release|ARM = Release|ARM
		Release|x64 = Release|x64
		Release|x86 = Release|x86
	EndGlobalSection
	GlobalSection(ProjectConfigurationPlatforms) = postSolution
		{C8B8E600-6754-4F63-948E-314003886F91}.Debug|ARM.ActiveCfg = Debug|ARM
		{C8B8E600-6754-4F63-948E-314003886F91}.Debug|ARM.Build.0 = Debug|ARM
		{C8B8E600-6754-4F63-948E-314003886F91}.Debug|x64.ActiveCfg = Debug|x64
		{C8B8E600-6754-4F63-948E-314003886F91}.Debug|x64.Build.0 = Debug|x64
		{C8B8E600-6754-4F63-948E-314003886F91}.Debug|x86.ActiveCfg = Debug|x86
		{C8B8E600-6754-4F63-948E-314003886F91}.Debug|x86.Build.0 = Debug|x86
		{C8B8E600-6754-4F63-948E-314003886F91}.Release|ARM.ActiveCfg = Release|ARM
		{C8B8E600-6754-4F63-948E-314003886F91}.Release|ARM.Build.0 = Release|ARM
		{C8B8E600-6754-4F63-948E-314003886F91}.Release|x64.ActiveCfg = Release|x64
		{C8B8E600-6754-4F63-948E-314003886F91}.Release|x64.Build.0 = Release|x64
		{C8B8E600-6754-4F63-948E-314003886F91}.Release|x86.ActiveCfg = Release|x86
		{C8B8E600-6754-4F63-948E-314003886F91}.Release|x86.Build.0 = Release|x86
		{909DB4FC-F8BB-4F68-B1AA-F7B5715D47A5}.Debug|ARM.ActiveCfg = Debug|ARM
		{909DB4FC-F8BB-4F68-B1AA-F7B5715D47A5}.Debug|ARM.Build.0 = Debug|ARM
		{909DB4FC-F8BB-4F68-B1AA-F7B5715D47A5}.Debug|ARM.Deploy.0 = Debug|ARM
		{909DB4FC-F8BB-4F68-B1AA-F7B5715D47A5}.Debug|x64.ActiveCfg = Debug|x64
		{909DB4FC-F8BB-4F68-B1AA-F7B5715D47A5}.Debug|x64.Build.0 = Debug|x64
		{909DB4FC-F8BB-4F68-B1AA-F7B5715D47A5}.Debug|x64.Deploy.0 = Debug|x64
		{909DB4FC-F8BB-4F68-B1AA-F7B5715D47A5}.Debug|x86.ActiveCfg = Debug|x86
		{909DB4FC-F8BB-4F68-B1AA-F7B5715D47A5}.Debug|x86.Build.0 = Debug|x86
		{909DB4FC-F8BB-4F68-B1AA-F7B5715D47A5}.Debug|x86.Deploy.0 = Debug|x86
		{909DB4FC-F8BB-4F68-B1AA-F7B5715D47A5}.Release|ARM.ActiveCfg = Release|ARM
		{909DB4FC-F8BB-4F68-B1AA-F7B5715D47A5}.Release|ARM.Build.0 = Release|ARM
		{909DB4FC-F8BB-4F68-B1AA-F7B5715D47A5}.Release|ARM.Deploy.0 = Release|ARM
		{909DB4FC-F8BB-4F68-B1AA-F7B5715D47A5}.Release|x64.ActiveCfg = Release|x64
		{909DB4FC-F8BB-4F68-B1AA-F7B5715D47A5}.Release|x64.Build.0 = Release|x64
		{909DB4FC-F8BB-4F68-B1AA-F7B5715D47A5}.Release|x64.Deploy.0 = Release|x64
		{909DB4FC-F8BB-4F68-B1AA-F7B5715D47A5}.Release|x86.ActiveCfg = Release|x86
		{909DB4FC-F8BB-4F68-B1AA-F7B5715D47A5}.Release|x86.Build.0 = Release|x86
		{909DB4FC-F8BB-4F68-B1AA-F7B5715D47A5}.Release|x86.Deploy.0 = Release|x86
		{29F56637-45CF-4F0E-9F46-F0ACFC5912FB}.Debug|ARM.ActiveCfg = Debug|ARM
		{29F56637-45CF-4F0E-9F46-F0ACFC5912FB}.Debug|ARM.Build.0 = Debug|ARM
		{29F56637-45CF-4F0E-9F46-F0ACFC5912FB}.Debug|ARM.Deploy.0 = Debug|ARM
		{29F56637-45CF-4F0E-9F46-F0ACFC5912FB}.Debug|x64.ActiveCfg = Debug|x64
		{29F56637-45CF-4F0E-9F46-F0ACFC5912FB}.Debug|x64.Build.0 = Debug|x64
		{29F56637-45CF-4F0E-9F46-F0ACFC5912FB}.Debug|x64.Deploy.0 = Debug|x64
		{29F56637-45CF-4F0E-9F46-F0ACFC5912FB}.Debug|x86.ActiveCfg = Debug|x86
		{29F56637-45CF-4F0E-9F46-F0ACFC5912FB}.Debug|x86.Build.0 = Debug|x86
		{29F56637-45CF-4F0E-9F46-F0ACFC5912FB}.Debug|x86.Deploy.0 = Debug|x86
		{29F56637-45CF-4F0E-9F46-F0ACFC5912FB}.Release|ARM.ActiveCfg = Release|ARM
		{29F56637-45CF-4F0E-9F46-F0ACFC5912FB}.Release|ARM.Build.0 = Release|ARM
		{29F56637-45CF-4F0E-9F46-F0ACFC5912FB}.Release|ARM.Deploy.0 = Release|ARM
		{29F56637-45CF-4F0E-9F46-F0ACFC5912FB}.Release|x64.ActiveCfg = Release|x64
		{29F56637-45CF-4F0E-9F46-F0ACFC5912FB}.Release|x64.Build.0 = Release|x64
		{29F56637-45CF-4F0E-9F46-F0ACFC5912FB}.Release|x64.Deploy.0 = Release|x64
		{29F56637-45CF-4F0E-9F46-F0ACFC5912FB}.Release|x86.ActiveCfg = Release|x86
		{29F56637-45CF-4F0E-9F46-F0ACFC5912FB}.Release|x86.Build.0 = Release|x86
		{29F56637-45CF-4F0E-9F46-F0ACFC5912FB}.Release|x86.Deploy.0 = Release|x86
	EndGlobalSection
	GlobalSection(SolutionProperties) = preSolution
		HideSolutionNode = FALSE
	EndGlobalSection
EndGlobal
