
Microsoft Visual Studio Solution File, Format Version 12.00
# Visual Studio 15
VisualStudioVersion = 15.0.28010.2036
MinimumVisualStudioVersion = 10.0.40219.1
Project("{FAE04EC0-301F-11D3-BF4B-00C04F79EFBC}") = "UwpThemeExplorer", "UwpThemeExplorer\UwpThemeExplorer.csproj", "{8D68A265-F37D-471B-A459-809C18989FAB}"
EndProject
Global
	GlobalSection(SolutionConfigurationPlatforms) = preSolution
		Debug|ARM = Debug|ARM
		Debug|x64 = Debug|x64
		Debug|x86 = Debug|x86
		Release|ARM = Release|ARM
		Release|x64 = Release|x64
		Release|x86 = Release|x86
	EndGlobalSection
	GlobalSection(ProjectConfigurationPlatforms) = postSolution
		{8D68A265-F37D-471B-A459-809C18989FAB}.Debug|ARM.ActiveCfg = Debug|ARM
		{8D68A265-F37D-471B-A459-809C18989FAB}.Debug|ARM.Build.0 = Debug|ARM
		{8D68A265-F37D-471B-A459-809C18989FAB}.Debug|ARM.Deploy.0 = Debug|ARM
		{8D68A265-F37D-471B-A459-809C18989FAB}.Debug|x64.ActiveCfg = Debug|x64
		{8D68A265-F37D-471B-A459-809C18989FAB}.Debug|x64.Build.0 = Debug|x64
		{8D68A265-F37D-471B-A459-809C18989FAB}.Debug|x64.Deploy.0 = Debug|x64
		{8D68A265-F37D-471B-A459-809C18989FAB}.Debug|x86.ActiveCfg = Debug|x86
		{8D68A265-F37D-471B-A459-809C18989FAB}.Debug|x86.Build.0 = Debug|x86
		{8D68A265-F37D-471B-A459-809C18989FAB}.Debug|x86.Deploy.0 = Debug|x86
		{8D68A265-F37D-471B-A459-809C18989FAB}.Release|ARM.ActiveCfg = Release|ARM
		{8D68A265-F37D-471B-A459-809C18989FAB}.Release|ARM.Build.0 = Release|ARM
		{8D68A265-F37D-471B-A459-809C18989FAB}.Release|ARM.Deploy.0 = Release|ARM
		{8D68A265-F37D-471B-A459-809C18989FAB}.Release|x64.ActiveCfg = Release|x64
		{8D68A265-F37D-471B-A459-809C18989FAB}.Release|x64.Build.0 = Release|x64
		{8D68A265-F37D-471B-A459-809C18989FAB}.Release|x64.Deploy.0 = Release|x64
		{8D68A265-F37D-471B-A459-809C18989FAB}.Release|x86.ActiveCfg = Release|x86
		{8D68A265-F37D-471B-A459-809C18989FAB}.Release|x86.Build.0 = Release|x86
		{8D68A265-F37D-471B-A459-809C18989FAB}.Release|x86.Deploy.0 = Release|x86
	EndGlobalSection
	GlobalSection(SolutionProperties) = preSolution
		HideSolutionNode = FALSE
	EndGlobalSection
	GlobalSection(ExtensibilityGlobals) = postSolution
		SolutionGuid = {DE4CD53F-8388-4A27-92F3-11E4A771921A}
	EndGlobalSection
EndGlobal
